// !$*UTF8*$!
{
	archiveVersion = 1;
	classes = {
	};
	objectVersion = 51;
	objects = {

/* Begin PBXBuildFile section */
		4A66137A26DDCF59004A925D /* AppDelegate.swift in Sources */ = {isa = PBXBuildFile; fileRef = 4A66137926DDCF59004A925D /* AppDelegate.swift */; };
		4A66137E26DDCF59004A925D /* BaseViewController.swift in Sources */ = {isa = PBXBuildFile; fileRef = 4A66137D26DDCF59004A925D /* BaseViewController.swift */; };
		4A66138326DDCF5D004A925D /* Assets.xcassets in Resources */ = {isa = PBXBuildFile; fileRef = 4A66138226DDCF5D004A925D /* Assets.xcassets */; };
		4A66138626DDCF5D004A925D /* LaunchScreen.storyboard in Resources */ = {isa = PBXBuildFile; fileRef = 4A66138426DDCF5D004A925D /* LaunchScreen.storyboard */; };
		4A66139126DDCF5E004A925D /* PockeTalkTests.swift in Sources */ = {isa = PBXBuildFile; fileRef = 4A66139026DDCF5E004A925D /* PockeTalkTests.swift */; };
		4AD58E5B26DF6EBF0004FC38 /* Constants.swift in Sources */ = {isa = PBXBuildFile; fileRef = 4AD58E5A26DF6EBF0004FC38 /* Constants.swift */; };
		4AD58E5F26DF791E0004FC38 /* GlobalMethod.swift in Sources */ = {isa = PBXBuildFile; fileRef = 4AD58E5E26DF791E0004FC38 /* GlobalMethod.swift */; };
		4AD58E6326DF7DB60004FC38 /* Reachability.swift in Sources */ = {isa = PBXBuildFile; fileRef = 4AD58E6226DF7DB60004FC38 /* Reachability.swift */; };
		4AD58E9426DF8C1D0004FC38 /* UserDefaultsUtility.swift in Sources */ = {isa = PBXBuildFile; fileRef = 4AD58E9326DF8C1D0004FC38 /* UserDefaultsUtility.swift */; };
		4AD58E9626DF9B520004FC38 /* HomeViewController.swift in Sources */ = {isa = PBXBuildFile; fileRef = 4AD58E9526DF9B520004FC38 /* HomeViewController.swift */; };
		4AEF500E26DF9E9A0052B6EB /* Main.storyboard in Resources */ = {isa = PBXBuildFile; fileRef = 4AEF500D26DF9E9A0052B6EB /* Main.storyboard */; };
		4AEF501126DFA0080052B6EB /* ExtensionUIColor.swift in Sources */ = {isa = PBXBuildFile; fileRef = 4AEF501026DFA0080052B6EB /* ExtensionUIColor.swift */; };
		4AEF501326DFA0670052B6EB /* ExtensionAttibutedString.swift in Sources */ = {isa = PBXBuildFile; fileRef = 4AEF501226DFA0670052B6EB /* ExtensionAttibutedString.swift */; };
		4AF2608526E072D1009C616E /* Camera.storyboard in Resources */ = {isa = PBXBuildFile; fileRef = 4AF2608426E072D1009C616E /* Camera.storyboard */; };
		4AF2608726E073B3009C616E /* Settings.storyboard in Resources */ = {isa = PBXBuildFile; fileRef = 4AF2608626E073B3009C616E /* Settings.storyboard */; };
		4AF2608926E073C4009C616E /* SettingsViewController.swift in Sources */ = {isa = PBXBuildFile; fileRef = 4AF2608826E073C4009C616E /* SettingsViewController.swift */; };
		4AF2608C26E07801009C616E /* ExtensionString.swift in Sources */ = {isa = PBXBuildFile; fileRef = 4AF2608B26E07801009C616E /* ExtensionString.swift */; };
		4AF2609126E08BA1009C616E /* Menu.storyboard in Resources */ = {isa = PBXBuildFile; fileRef = 4AF2609026E08BA1009C616E /* Menu.storyboard */; };
		4AF2609326E08CC1009C616E /* MenuViewController.swift in Sources */ = {isa = PBXBuildFile; fileRef = 4AF2609226E08CC1009C616E /* MenuViewController.swift */; };
		4AF2609526E0A39A009C616E /* MenuCollectionViewCell.swift in Sources */ = {isa = PBXBuildFile; fileRef = 4AF2609426E0A39A009C616E /* MenuCollectionViewCell.swift */; };
		4AF2609926E0AC74009C616E /* MenuModel.swift in Sources */ = {isa = PBXBuildFile; fileRef = 4AF2609826E0AC74009C616E /* MenuModel.swift */; };
		4AF2609B26E0B516009C616E /* MenuViewModel.swift in Sources */ = {isa = PBXBuildFile; fileRef = 4AF2609A26E0B516009C616E /* MenuViewModel.swift */; };
		5007495826E7A0E2002FBBE2 /* LanguageItem.swift in Sources */ = {isa = PBXBuildFile; fileRef = 5007495726E7A0E2002FBBE2 /* LanguageItem.swift */; };
		5007D5C626E71B71005B7C51 /* NotificationNames.swift in Sources */ = {isa = PBXBuildFile; fileRef = 5007D5C526E71B71005B7C51 /* NotificationNames.swift */; };
		5028D54E26E29D57002A5250 /* LangListCell.swift in Sources */ = {isa = PBXBuildFile; fileRef = 5028D54C26E29D57002A5250 /* LangListCell.swift */; };
		5028D54F26E29D57002A5250 /* LangListCell.xib in Resources */ = {isa = PBXBuildFile; fileRef = 5028D54D26E29D57002A5250 /* LangListCell.xib */; };
		5028D55226E29E59002A5250 /* HistoryListVC.swift in Sources */ = {isa = PBXBuildFile; fileRef = 5028D55126E29E59002A5250 /* HistoryListVC.swift */; };
		5028D55526E29EB1002A5250 /* LangSelectVoiceVC.swift in Sources */ = {isa = PBXBuildFile; fileRef = 5028D55426E29EB0002A5250 /* LangSelectVoiceVC.swift */; };
		5028D55726E29FB7002A5250 /* LanguageListVC.swift in Sources */ = {isa = PBXBuildFile; fileRef = 5028D55626E29FB7002A5250 /* LanguageListVC.swift */; };
		5028D55926E29FE5002A5250 /* TabsPageViewController.swift in Sources */ = {isa = PBXBuildFile; fileRef = 5028D55826E29FE5002A5250 /* TabsPageViewController.swift */; };
		5028D55B26E2A0D0002A5250 /* LanguageSelectVoice.storyboard in Resources */ = {isa = PBXBuildFile; fileRef = 5028D55A26E2A0D0002A5250 /* LanguageSelectVoice.storyboard */; };
		5064D19626E2A93E006E6197 /* conversation_languages_ja_cn.xml in Resources */ = {isa = PBXBuildFile; fileRef = 5064D19426E2A93D006E6197 /* conversation_languages_ja_cn.xml */; };
		5064D19726E2A93E006E6197 /* conversation_languages_ja.xml in Resources */ = {isa = PBXBuildFile; fileRef = 5064D19526E2A93D006E6197 /* conversation_languages_ja.xml */; };
		5064D19A26E2A9A4006E6197 /* conversation_languages_en_cn.xml in Resources */ = {isa = PBXBuildFile; fileRef = 5064D19826E2A9A3006E6197 /* conversation_languages_en_cn.xml */; };
		5064D19B26E2A9A4006E6197 /* conversation_languages_en.xml in Resources */ = {isa = PBXBuildFile; fileRef = 5064D19926E2A9A4006E6197 /* conversation_languages_en.xml */; };
		506B93C326E74E530085BDDF /* default_languages.xml in Resources */ = {isa = PBXBuildFile; fileRef = 506B93C226E74E530085BDDF /* default_languages.xml */; };
		50C8871026E666F500A6D10E /* LanguageSelectionManager.swift in Sources */ = {isa = PBXBuildFile; fileRef = 50C8870F26E666F500A6D10E /* LanguageSelectionManager.swift */; };
		692CCEB526E1E9F9006E826B /* ExtensionUIViewController.swift in Sources */ = {isa = PBXBuildFile; fileRef = 692CCEB426E1E9F9006E826B /* ExtensionUIViewController.swift */; };
		692CCEBA26E1EAC0006E826B /* HomeViewModel.swift in Sources */ = {isa = PBXBuildFile; fileRef = 692CCEB926E1EAC0006E826B /* HomeViewModel.swift */; };
		69349AA526E5C18F008D9AF4 /* TutorialViewController.swift in Sources */ = {isa = PBXBuildFile; fileRef = 69349AA426E5C18F008D9AF4 /* TutorialViewController.swift */; };
		69349AA926E5DBB6008D9AF4 /* tutorial.mp4 in Resources */ = {isa = PBXBuildFile; fileRef = 69349AA826E5DB90008D9AF4 /* tutorial.mp4 */; };
		69349AAD26E5EC67008D9AF4 /* TutorialViewModel.swift in Sources */ = {isa = PBXBuildFile; fileRef = 69349AAC26E5EC67008D9AF4 /* TutorialViewModel.swift */; };
		69349AB226E5EDA0008D9AF4 /* TutorialModel.swift in Sources */ = {isa = PBXBuildFile; fileRef = 69349AB126E5EDA0008D9AF4 /* TutorialModel.swift */; };
		69349AB626E5EDD2008D9AF4 /* tutorial_mapping.xml in Resources */ = {isa = PBXBuildFile; fileRef = 69349AB526E5EDD2008D9AF4 /* tutorial_mapping.xml */; };
		69349ABC26E60710008D9AF4 /* ExtensionUILabel.swift in Sources */ = {isa = PBXBuildFile; fileRef = 69349ABB26E60710008D9AF4 /* ExtensionUILabel.swift */; };
		7832B404A5701D747571F709 /* Pods_PockeTalk.framework in Frameworks */ = {isa = PBXBuildFile; fileRef = 3FC87E03203C1CB514A3CB45 /* Pods_PockeTalk.framework */; };
		8726EB8C26E0D424002FEAE2 /* LanguageManager.swift in Sources */ = {isa = PBXBuildFile; fileRef = 8726EB8B26E0D424002FEAE2 /* LanguageManager.swift */; };
		872AA4E626E0EEEA003BE874 /* system_languages.xml in Resources */ = {isa = PBXBuildFile; fileRef = 872AA4E526E0EEEA003BE874 /* system_languages.xml */; };
		8782DEDD26E08D10003A1681 /* Localizable.strings in Resources */ = {isa = PBXBuildFile; fileRef = 8782DEDF26E08D10003A1681 /* Localizable.strings */; };
		8782DEEF26E09468003A1681 /* SystemLanguageViewController.swift in Sources */ = {isa = PBXBuildFile; fileRef = 8782DEEE26E09468003A1681 /* SystemLanguageViewController.swift */; };
		8782DEF726E098DE003A1681 /* SystemLanguageCell.swift in Sources */ = {isa = PBXBuildFile; fileRef = 8782DEF526E098DE003A1681 /* SystemLanguageCell.swift */; };
		8782DEF826E098DE003A1681 /* SystemLanguageCell.xib in Resources */ = {isa = PBXBuildFile; fileRef = 8782DEF626E098DE003A1681 /* SystemLanguageCell.xib */; };
		8782DF0326E099BF003A1681 /* NibOwnerLoadable.swift in Sources */ = {isa = PBXBuildFile; fileRef = 8782DEFE26E099BF003A1681 /* NibOwnerLoadable.swift */; };
		8782DF0426E099BF003A1681 /* NibLoadable.swift in Sources */ = {isa = PBXBuildFile; fileRef = 8782DEFF26E099BF003A1681 /* NibLoadable.swift */; };
		8782DF0526E099BF003A1681 /* UITableView+Reusable.swift in Sources */ = {isa = PBXBuildFile; fileRef = 8782DF0026E099BF003A1681 /* UITableView+Reusable.swift */; };
		8782DF0626E099BF003A1681 /* Reusable.swift in Sources */ = {isa = PBXBuildFile; fileRef = 8782DF0126E099BF003A1681 /* Reusable.swift */; };
		8782DF0726E099BF003A1681 /* UICollectionView+Reusable.swift in Sources */ = {isa = PBXBuildFile; fileRef = 8782DF0226E099BF003A1681 /* UICollectionView+Reusable.swift */; };
		8782DF1A26E0AFA6003A1681 /* NavigationViewController.swift in Sources */ = {isa = PBXBuildFile; fileRef = 8782DF1926E0AFA6003A1681 /* NavigationViewController.swift */; };
		8782DF2126E0B6CE003A1681 /* SystemLanguages.swift in Sources */ = {isa = PBXBuildFile; fileRef = 8782DF2026E0B6CE003A1681 /* SystemLanguages.swift */; };
		892EB97F26E6201600E44E7E /* SettingItems.swift in Sources */ = {isa = PBXBuildFile; fileRef = 892EB97E26E6201600E44E7E /* SettingItems.swift */; };
		8935A12826E5D9FB00AC3CA1 /* CropViewController.swift in Sources */ = {isa = PBXBuildFile; fileRef = 8935A12726E5D9FB00AC3CA1 /* CropViewController.swift */; };
		8935A12A26E5E0B800AC3CA1 /* CaptureImageProcessVC.swift in Sources */ = {isa = PBXBuildFile; fileRef = 8935A12926E5E0B800AC3CA1 /* CaptureImageProcessVC.swift */; };
		8935A16826E61F8300AC3CA1 /* CameraViewController.swift in Sources */ = {isa = PBXBuildFile; fileRef = 8935A16726E61F8300AC3CA1 /* CameraViewController.swift */; };
		898EC6EC26E0B16F00D8CAE5 /* SettingsTableViewCell.swift in Sources */ = {isa = PBXBuildFile; fileRef = 898EC6EA26E0B16F00D8CAE5 /* SettingsTableViewCell.swift */; };
		898EC6ED26E0B16F00D8CAE5 /* SettingsTableViewCell.xib in Resources */ = {isa = PBXBuildFile; fileRef = 898EC6EB26E0B16F00D8CAE5 /* SettingsTableViewCell.xib */; };
		89A7B65A26E5CC2000087537 /* CustomShapeButton.swift in Sources */ = {isa = PBXBuildFile; fileRef = 89A7B65926E5CC2000087537 /* CustomShapeButton.swift */; };
		89BC6EC526E22E270072BB0A /* ExtensionUINavigationController.swift in Sources */ = {isa = PBXBuildFile; fileRef = 89BC6EC426E22E270072BB0A /* ExtensionUINavigationController.swift */; };
		960835B926E75549006DB9F9 /* PronunciationUtils.swift in Sources */ = {isa = PBXBuildFile; fileRef = 960835B826E75549006DB9F9 /* PronunciationUtils.swift */; };
		C106ABCC5CA533EA89885AD3 /* Pods_PockeTalkTests.framework in Frameworks */ = {isa = PBXBuildFile; fileRef = D360DCBF1E5397C15689E88A /* Pods_PockeTalkTests.framework */; };
/* End PBXBuildFile section */

/* Begin PBXContainerItemProxy section */
		4A66138D26DDCF5E004A925D /* PBXContainerItemProxy */ = {
			isa = PBXContainerItemProxy;
			containerPortal = 4A66136E26DDCF59004A925D /* Project object */;
			proxyType = 1;
			remoteGlobalIDString = 4A66137526DDCF59004A925D;
			remoteInfo = PockeTalk;
		};
/* End PBXContainerItemProxy section */

/* Begin PBXFileReference section */
		1C3982CA7F9FA3619840FBBD /* Pods-PockeTalk.debug.xcconfig */ = {isa = PBXFileReference; includeInIndex = 1; lastKnownFileType = text.xcconfig; name = "Pods-PockeTalk.debug.xcconfig"; path = "Target Support Files/Pods-PockeTalk/Pods-PockeTalk.debug.xcconfig"; sourceTree = "<group>"; };
		3FC87E03203C1CB514A3CB45 /* Pods_PockeTalk.framework */ = {isa = PBXFileReference; explicitFileType = wrapper.framework; includeInIndex = 0; path = Pods_PockeTalk.framework; sourceTree = BUILT_PRODUCTS_DIR; };
		4A66137626DDCF59004A925D /* PockeTalk.app */ = {isa = PBXFileReference; explicitFileType = wrapper.application; includeInIndex = 0; path = PockeTalk.app; sourceTree = BUILT_PRODUCTS_DIR; };
		4A66137926DDCF59004A925D /* AppDelegate.swift */ = {isa = PBXFileReference; lastKnownFileType = sourcecode.swift; path = AppDelegate.swift; sourceTree = "<group>"; };
		4A66137D26DDCF59004A925D /* BaseViewController.swift */ = {isa = PBXFileReference; lastKnownFileType = sourcecode.swift; path = BaseViewController.swift; sourceTree = "<group>"; };
		4A66138226DDCF5D004A925D /* Assets.xcassets */ = {isa = PBXFileReference; lastKnownFileType = folder.assetcatalog; path = Assets.xcassets; sourceTree = "<group>"; };
		4A66138526DDCF5D004A925D /* Base */ = {isa = PBXFileReference; lastKnownFileType = file.storyboard; name = Base; path = Base.lproj/LaunchScreen.storyboard; sourceTree = "<group>"; };
		4A66138726DDCF5D004A925D /* Info.plist */ = {isa = PBXFileReference; lastKnownFileType = text.plist.xml; path = Info.plist; sourceTree = "<group>"; };
		4A66138C26DDCF5E004A925D /* PockeTalkTests.xctest */ = {isa = PBXFileReference; explicitFileType = wrapper.cfbundle; includeInIndex = 0; path = PockeTalkTests.xctest; sourceTree = BUILT_PRODUCTS_DIR; };
		4A66139026DDCF5E004A925D /* PockeTalkTests.swift */ = {isa = PBXFileReference; lastKnownFileType = sourcecode.swift; path = PockeTalkTests.swift; sourceTree = "<group>"; };
		4A66139226DDCF5E004A925D /* Info.plist */ = {isa = PBXFileReference; lastKnownFileType = text.plist.xml; path = Info.plist; sourceTree = "<group>"; };
		4AD58E5A26DF6EBF0004FC38 /* Constants.swift */ = {isa = PBXFileReference; lastKnownFileType = sourcecode.swift; path = Constants.swift; sourceTree = "<group>"; };
		4AD58E5E26DF791E0004FC38 /* GlobalMethod.swift */ = {isa = PBXFileReference; lastKnownFileType = sourcecode.swift; path = GlobalMethod.swift; sourceTree = "<group>"; };
		4AD58E6226DF7DB60004FC38 /* Reachability.swift */ = {isa = PBXFileReference; lastKnownFileType = sourcecode.swift; path = Reachability.swift; sourceTree = "<group>"; };
		4AD58E9326DF8C1D0004FC38 /* UserDefaultsUtility.swift */ = {isa = PBXFileReference; lastKnownFileType = sourcecode.swift; path = UserDefaultsUtility.swift; sourceTree = "<group>"; };
		4AD58E9526DF9B520004FC38 /* HomeViewController.swift */ = {isa = PBXFileReference; lastKnownFileType = sourcecode.swift; path = HomeViewController.swift; sourceTree = "<group>"; };
		4AEF500D26DF9E9A0052B6EB /* Main.storyboard */ = {isa = PBXFileReference; fileEncoding = 4; lastKnownFileType = file.storyboard; path = Main.storyboard; sourceTree = "<group>"; };
		4AEF501026DFA0080052B6EB /* ExtensionUIColor.swift */ = {isa = PBXFileReference; lastKnownFileType = sourcecode.swift; path = ExtensionUIColor.swift; sourceTree = "<group>"; };
		4AEF501226DFA0670052B6EB /* ExtensionAttibutedString.swift */ = {isa = PBXFileReference; lastKnownFileType = sourcecode.swift; path = ExtensionAttibutedString.swift; sourceTree = "<group>"; };
		4AF2608426E072D1009C616E /* Camera.storyboard */ = {isa = PBXFileReference; lastKnownFileType = file.storyboard; path = Camera.storyboard; sourceTree = "<group>"; };
		4AF2608626E073B3009C616E /* Settings.storyboard */ = {isa = PBXFileReference; lastKnownFileType = file.storyboard; path = Settings.storyboard; sourceTree = "<group>"; };
		4AF2608826E073C4009C616E /* SettingsViewController.swift */ = {isa = PBXFileReference; lastKnownFileType = sourcecode.swift; path = SettingsViewController.swift; sourceTree = "<group>"; };
		4AF2608B26E07801009C616E /* ExtensionString.swift */ = {isa = PBXFileReference; lastKnownFileType = sourcecode.swift; path = ExtensionString.swift; sourceTree = "<group>"; };
		4AF2609026E08BA1009C616E /* Menu.storyboard */ = {isa = PBXFileReference; lastKnownFileType = file.storyboard; path = Menu.storyboard; sourceTree = "<group>"; };
		4AF2609226E08CC1009C616E /* MenuViewController.swift */ = {isa = PBXFileReference; lastKnownFileType = sourcecode.swift; path = MenuViewController.swift; sourceTree = "<group>"; };
		4AF2609426E0A39A009C616E /* MenuCollectionViewCell.swift */ = {isa = PBXFileReference; lastKnownFileType = sourcecode.swift; path = MenuCollectionViewCell.swift; sourceTree = "<group>"; };
		4AF2609826E0AC74009C616E /* MenuModel.swift */ = {isa = PBXFileReference; lastKnownFileType = sourcecode.swift; path = MenuModel.swift; sourceTree = "<group>"; };
		4AF2609A26E0B516009C616E /* MenuViewModel.swift */ = {isa = PBXFileReference; lastKnownFileType = sourcecode.swift; path = MenuViewModel.swift; sourceTree = "<group>"; };
		5007495726E7A0E2002FBBE2 /* LanguageItem.swift */ = {isa = PBXFileReference; fileEncoding = 4; lastKnownFileType = sourcecode.swift; path = LanguageItem.swift; sourceTree = "<group>"; };
		5007D5C526E71B71005B7C51 /* NotificationNames.swift */ = {isa = PBXFileReference; lastKnownFileType = sourcecode.swift; path = NotificationNames.swift; sourceTree = "<group>"; };
		5028D54C26E29D57002A5250 /* LangListCell.swift */ = {isa = PBXFileReference; lastKnownFileType = sourcecode.swift; path = LangListCell.swift; sourceTree = "<group>"; };
		5028D54D26E29D57002A5250 /* LangListCell.xib */ = {isa = PBXFileReference; lastKnownFileType = file.xib; path = LangListCell.xib; sourceTree = "<group>"; };
		5028D55126E29E59002A5250 /* HistoryListVC.swift */ = {isa = PBXFileReference; fileEncoding = 4; lastKnownFileType = sourcecode.swift; path = HistoryListVC.swift; sourceTree = "<group>"; };
		5028D55426E29EB0002A5250 /* LangSelectVoiceVC.swift */ = {isa = PBXFileReference; fileEncoding = 4; lastKnownFileType = sourcecode.swift; path = LangSelectVoiceVC.swift; sourceTree = "<group>"; };
		5028D55626E29FB7002A5250 /* LanguageListVC.swift */ = {isa = PBXFileReference; fileEncoding = 4; lastKnownFileType = sourcecode.swift; path = LanguageListVC.swift; sourceTree = "<group>"; };
		5028D55826E29FE5002A5250 /* TabsPageViewController.swift */ = {isa = PBXFileReference; fileEncoding = 4; lastKnownFileType = sourcecode.swift; path = TabsPageViewController.swift; sourceTree = "<group>"; };
		5028D55A26E2A0D0002A5250 /* LanguageSelectVoice.storyboard */ = {isa = PBXFileReference; fileEncoding = 4; lastKnownFileType = file.storyboard; path = LanguageSelectVoice.storyboard; sourceTree = "<group>"; };
		5064D19426E2A93D006E6197 /* conversation_languages_ja_cn.xml */ = {isa = PBXFileReference; fileEncoding = 4; lastKnownFileType = text.xml; path = conversation_languages_ja_cn.xml; sourceTree = "<group>"; };
		5064D19526E2A93D006E6197 /* conversation_languages_ja.xml */ = {isa = PBXFileReference; fileEncoding = 4; lastKnownFileType = text.xml; path = conversation_languages_ja.xml; sourceTree = "<group>"; };
		5064D19826E2A9A3006E6197 /* conversation_languages_en_cn.xml */ = {isa = PBXFileReference; fileEncoding = 4; lastKnownFileType = text.xml; path = conversation_languages_en_cn.xml; sourceTree = "<group>"; };
		5064D19926E2A9A4006E6197 /* conversation_languages_en.xml */ = {isa = PBXFileReference; fileEncoding = 4; lastKnownFileType = text.xml; path = conversation_languages_en.xml; sourceTree = "<group>"; };
		506B93C226E74E530085BDDF /* default_languages.xml */ = {isa = PBXFileReference; fileEncoding = 4; lastKnownFileType = text.xml; path = default_languages.xml; sourceTree = "<group>"; };
		50C8870F26E666F500A6D10E /* LanguageSelectionManager.swift */ = {isa = PBXFileReference; lastKnownFileType = sourcecode.swift; path = LanguageSelectionManager.swift; sourceTree = "<group>"; };
		692CCEB426E1E9F9006E826B /* ExtensionUIViewController.swift */ = {isa = PBXFileReference; fileEncoding = 4; lastKnownFileType = sourcecode.swift; path = ExtensionUIViewController.swift; sourceTree = "<group>"; };
		692CCEB926E1EAC0006E826B /* HomeViewModel.swift */ = {isa = PBXFileReference; fileEncoding = 4; lastKnownFileType = sourcecode.swift; path = HomeViewModel.swift; sourceTree = "<group>"; };
		69349AA426E5C18F008D9AF4 /* TutorialViewController.swift */ = {isa = PBXFileReference; lastKnownFileType = sourcecode.swift; path = TutorialViewController.swift; sourceTree = "<group>"; };
		69349AA826E5DB90008D9AF4 /* tutorial.mp4 */ = {isa = PBXFileReference; lastKnownFileType = file; path = tutorial.mp4; sourceTree = "<group>"; };
		69349AAC26E5EC67008D9AF4 /* TutorialViewModel.swift */ = {isa = PBXFileReference; lastKnownFileType = sourcecode.swift; path = TutorialViewModel.swift; sourceTree = "<group>"; };
		69349AB126E5EDA0008D9AF4 /* TutorialModel.swift */ = {isa = PBXFileReference; lastKnownFileType = sourcecode.swift; path = TutorialModel.swift; sourceTree = "<group>"; };
		69349AB526E5EDD2008D9AF4 /* tutorial_mapping.xml */ = {isa = PBXFileReference; fileEncoding = 4; lastKnownFileType = text.xml; path = tutorial_mapping.xml; sourceTree = "<group>"; };
		69349ABB26E60710008D9AF4 /* ExtensionUILabel.swift */ = {isa = PBXFileReference; lastKnownFileType = sourcecode.swift; path = ExtensionUILabel.swift; sourceTree = "<group>"; };
		8726EB8B26E0D424002FEAE2 /* LanguageManager.swift */ = {isa = PBXFileReference; lastKnownFileType = sourcecode.swift; path = LanguageManager.swift; sourceTree = "<group>"; };
		872AA4E526E0EEEA003BE874 /* system_languages.xml */ = {isa = PBXFileReference; fileEncoding = 4; lastKnownFileType = text.xml; path = system_languages.xml; sourceTree = "<group>"; };
		8782DEDE26E08D10003A1681 /* en */ = {isa = PBXFileReference; lastKnownFileType = text.plist.strings; name = en; path = en.lproj/Localizable.strings; sourceTree = "<group>"; };
		8782DEE826E08EC1003A1681 /* ja */ = {isa = PBXFileReference; lastKnownFileType = text.plist.strings; name = ja; path = ja.lproj/Localizable.strings; sourceTree = "<group>"; };
		8782DEEE26E09468003A1681 /* SystemLanguageViewController.swift */ = {isa = PBXFileReference; lastKnownFileType = sourcecode.swift; path = SystemLanguageViewController.swift; sourceTree = "<group>"; };
		8782DEF526E098DE003A1681 /* SystemLanguageCell.swift */ = {isa = PBXFileReference; lastKnownFileType = sourcecode.swift; path = SystemLanguageCell.swift; sourceTree = "<group>"; };
		8782DEF626E098DE003A1681 /* SystemLanguageCell.xib */ = {isa = PBXFileReference; lastKnownFileType = file.xib; path = SystemLanguageCell.xib; sourceTree = "<group>"; };
		8782DEFE26E099BF003A1681 /* NibOwnerLoadable.swift */ = {isa = PBXFileReference; fileEncoding = 4; lastKnownFileType = sourcecode.swift; path = NibOwnerLoadable.swift; sourceTree = "<group>"; };
		8782DEFF26E099BF003A1681 /* NibLoadable.swift */ = {isa = PBXFileReference; fileEncoding = 4; lastKnownFileType = sourcecode.swift; path = NibLoadable.swift; sourceTree = "<group>"; };
		8782DF0026E099BF003A1681 /* UITableView+Reusable.swift */ = {isa = PBXFileReference; fileEncoding = 4; lastKnownFileType = sourcecode.swift; path = "UITableView+Reusable.swift"; sourceTree = "<group>"; };
		8782DF0126E099BF003A1681 /* Reusable.swift */ = {isa = PBXFileReference; fileEncoding = 4; lastKnownFileType = sourcecode.swift; path = Reusable.swift; sourceTree = "<group>"; };
		8782DF0226E099BF003A1681 /* UICollectionView+Reusable.swift */ = {isa = PBXFileReference; fileEncoding = 4; lastKnownFileType = sourcecode.swift; path = "UICollectionView+Reusable.swift"; sourceTree = "<group>"; };
		8782DF1926E0AFA6003A1681 /* NavigationViewController.swift */ = {isa = PBXFileReference; lastKnownFileType = sourcecode.swift; path = NavigationViewController.swift; sourceTree = "<group>"; };
		8782DF2026E0B6CE003A1681 /* SystemLanguages.swift */ = {isa = PBXFileReference; lastKnownFileType = sourcecode.swift; path = SystemLanguages.swift; sourceTree = "<group>"; };
		892EB97E26E6201600E44E7E /* SettingItems.swift */ = {isa = PBXFileReference; lastKnownFileType = sourcecode.swift; path = SettingItems.swift; sourceTree = "<group>"; };
		8935A12626E5D9FB00AC3CA1 /* CropViewController.h */ = {isa = PBXFileReference; fileEncoding = 4; lastKnownFileType = sourcecode.c.h; path = CropViewController.h; sourceTree = "<group>"; };
		8935A12726E5D9FB00AC3CA1 /* CropViewController.swift */ = {isa = PBXFileReference; fileEncoding = 4; lastKnownFileType = sourcecode.swift; path = CropViewController.swift; sourceTree = "<group>"; };
		8935A12926E5E0B800AC3CA1 /* CaptureImageProcessVC.swift */ = {isa = PBXFileReference; lastKnownFileType = sourcecode.swift; path = CaptureImageProcessVC.swift; sourceTree = "<group>"; };
		8935A16726E61F8300AC3CA1 /* CameraViewController.swift */ = {isa = PBXFileReference; fileEncoding = 4; lastKnownFileType = sourcecode.swift; path = CameraViewController.swift; sourceTree = "<group>"; };
		898EC6EA26E0B16F00D8CAE5 /* SettingsTableViewCell.swift */ = {isa = PBXFileReference; lastKnownFileType = sourcecode.swift; path = SettingsTableViewCell.swift; sourceTree = "<group>"; };
		898EC6EB26E0B16F00D8CAE5 /* SettingsTableViewCell.xib */ = {isa = PBXFileReference; lastKnownFileType = file.xib; path = SettingsTableViewCell.xib; sourceTree = "<group>"; };
		89A7B65926E5CC2000087537 /* CustomShapeButton.swift */ = {isa = PBXFileReference; lastKnownFileType = sourcecode.swift; path = CustomShapeButton.swift; sourceTree = "<group>"; };
		89BC6EC426E22E270072BB0A /* ExtensionUINavigationController.swift */ = {isa = PBXFileReference; lastKnownFileType = sourcecode.swift; path = ExtensionUINavigationController.swift; sourceTree = "<group>"; };
		960835B826E75549006DB9F9 /* PronunciationUtils.swift */ = {isa = PBXFileReference; lastKnownFileType = sourcecode.swift; path = PronunciationUtils.swift; sourceTree = "<group>"; };
		96DE0B3A26E88C07004A971F /* PockeTalk-Bridging-Header.h */ = {isa = PBXFileReference; fileEncoding = 4; lastKnownFileType = sourcecode.c.h; path = "PockeTalk-Bridging-Header.h"; sourceTree = "<group>"; };
		99F88F596F3BEA32B6677391 /* Pods-PockeTalk.release.xcconfig */ = {isa = PBXFileReference; includeInIndex = 1; lastKnownFileType = text.xcconfig; name = "Pods-PockeTalk.release.xcconfig"; path = "Target Support Files/Pods-PockeTalk/Pods-PockeTalk.release.xcconfig"; sourceTree = "<group>"; };
		9E7781900B72C6B1A8CAB58C /* Pods-PockeTalkTests.release.xcconfig */ = {isa = PBXFileReference; includeInIndex = 1; lastKnownFileType = text.xcconfig; name = "Pods-PockeTalkTests.release.xcconfig"; path = "Target Support Files/Pods-PockeTalkTests/Pods-PockeTalkTests.release.xcconfig"; sourceTree = "<group>"; };
		D360DCBF1E5397C15689E88A /* Pods_PockeTalkTests.framework */ = {isa = PBXFileReference; explicitFileType = wrapper.framework; includeInIndex = 0; path = Pods_PockeTalkTests.framework; sourceTree = BUILT_PRODUCTS_DIR; };
		FBBE50FE0922DF903C71A75A /* Pods-PockeTalkTests.debug.xcconfig */ = {isa = PBXFileReference; includeInIndex = 1; lastKnownFileType = text.xcconfig; name = "Pods-PockeTalkTests.debug.xcconfig"; path = "Target Support Files/Pods-PockeTalkTests/Pods-PockeTalkTests.debug.xcconfig"; sourceTree = "<group>"; };
/* End PBXFileReference section */

/* Begin PBXFrameworksBuildPhase section */
		4A66137326DDCF59004A925D /* Frameworks */ = {
			isa = PBXFrameworksBuildPhase;
			buildActionMask = 2147483647;
			files = (
				7832B404A5701D747571F709 /* Pods_PockeTalk.framework in Frameworks */,
			);
			runOnlyForDeploymentPostprocessing = 0;
		};
		4A66138926DDCF5E004A925D /* Frameworks */ = {
			isa = PBXFrameworksBuildPhase;
			buildActionMask = 2147483647;
			files = (
				C106ABCC5CA533EA89885AD3 /* Pods_PockeTalkTests.framework in Frameworks */,
			);
			runOnlyForDeploymentPostprocessing = 0;
		};
/* End PBXFrameworksBuildPhase section */

/* Begin PBXGroup section */
		0746EEAA968427852983B808 /* Frameworks */ = {
			isa = PBXGroup;
			children = (
				3FC87E03203C1CB514A3CB45 /* Pods_PockeTalk.framework */,
				D360DCBF1E5397C15689E88A /* Pods_PockeTalkTests.framework */,
			);
			name = Frameworks;
			sourceTree = "<group>";
		};
		4A3AA83426E24E37008902F5 /* View */ = {
			isa = PBXGroup;
			children = (
				4AF2609026E08BA1009C616E /* Menu.storyboard */,
				4AF2609426E0A39A009C616E /* MenuCollectionViewCell.swift */,
			);
			path = View;
			sourceTree = "<group>";
		};
		4A3AA83526E24E6F008902F5 /* MenuPage */ = {
			isa = PBXGroup;
			children = (
				8920066E26E72F08005A23F0 /* ViewController */,
				4A3AA83426E24E37008902F5 /* View */,
				4A3AA83626E24E87008902F5 /* Model */,
				4A3AA83726E24E92008902F5 /* ViewModel */,
			);
			path = MenuPage;
			sourceTree = "<group>";
		};
		4A3AA83626E24E87008902F5 /* Model */ = {
			isa = PBXGroup;
			children = (
				4AF2609826E0AC74009C616E /* MenuModel.swift */,
			);
			path = Model;
			sourceTree = "<group>";
		};
		4A3AA83726E24E92008902F5 /* ViewModel */ = {
			isa = PBXGroup;
			children = (
				4AF2609A26E0B516009C616E /* MenuViewModel.swift */,
			);
			path = ViewModel;
			sourceTree = "<group>";
		};
		4A66136D26DDCF59004A925D = {
			isa = PBXGroup;
			children = (
				4A66137826DDCF59004A925D /* PockeTalk */,
				4A66138F26DDCF5E004A925D /* PockeTalkTests */,
				4A66137726DDCF59004A925D /* Products */,
				D4E4E4F32DD69FED2E7E027B /* Pods */,
				0746EEAA968427852983B808 /* Frameworks */,
			);
			sourceTree = "<group>";
		};
		4A66137726DDCF59004A925D /* Products */ = {
			isa = PBXGroup;
			children = (
				4A66137626DDCF59004A925D /* PockeTalk.app */,
				4A66138C26DDCF5E004A925D /* PockeTalkTests.xctest */,
			);
			name = Products;
			sourceTree = "<group>";
		};
		4A66137826DDCF59004A925D /* PockeTalk */ = {
			isa = PBXGroup;
			children = (
				96DE0B3A26E88C07004A971F /* PockeTalk-Bridging-Header.h */,
				8782DEFD26E099A7003A1681 /* Reusable */,
				8782DECF26E08BEE003A1681 /* Localization */,
				4A6613B026DE47FB004A925D /* Application */,
				4AEF500F26DF9FCD0052B6EB /* Extensions */,
				4A66139E26DDECA8004A925D /* PoceketalkSoftBank */,
				4A66139D26DDEC91004A925D /* Utitlity */,
				4A6613AF26DE47E9004A925D /* Resources */,
			);
			path = PockeTalk;
			sourceTree = "<group>";
		};
		4A66138F26DDCF5E004A925D /* PockeTalkTests */ = {
			isa = PBXGroup;
			children = (
				4A66139026DDCF5E004A925D /* PockeTalkTests.swift */,
				4A66139226DDCF5E004A925D /* Info.plist */,
			);
			path = PockeTalkTests;
			sourceTree = "<group>";
		};
		4A66139D26DDEC91004A925D /* Utitlity */ = {
			isa = PBXGroup;
			children = (
				4AD58E5A26DF6EBF0004FC38 /* Constants.swift */,
				4AD58E5E26DF791E0004FC38 /* GlobalMethod.swift */,
				4AD58E6226DF7DB60004FC38 /* Reachability.swift */,
				4AD58E9326DF8C1D0004FC38 /* UserDefaultsUtility.swift */,
				5007D5C526E71B71005B7C51 /* NotificationNames.swift */,
			);
			path = Utitlity;
			sourceTree = "<group>";
		};
		4A66139E26DDECA8004A925D /* PoceketalkSoftBank */ = {
			isa = PBXGroup;
			children = (
				960835B726E7552A006DB9F9 /* Pronunciation */,
				5028D54B26E29D18002A5250 /* LanguageSelectVoiceTranslation */,
				8782DF1826E0AF5C003A1681 /* NavigationController */,
				8782DEEB26E092DA003A1681 /* SystemLanguage */,
				4AD58E9726DF9B5C0004FC38 /* HomePage */,
				4AF2608126E0726D009C616E /* CameraPage */,
				4AF2608A26E073CD009C616E /* Settings */,
				4AD58E6426DF811A0004FC38 /* Base */,
				4A6613AD26DE477B004A925D /* LaunchScreen */,
				4A3AA83526E24E6F008902F5 /* MenuPage */,
			);
			path = PoceketalkSoftBank;
			sourceTree = "<group>";
		};
		4A6613AD26DE477B004A925D /* LaunchScreen */ = {
			isa = PBXGroup;
			children = (
				96D123A726E86BC9003F3572 /* ViewModel */,
				96D123A626E86BC2003F3572 /* Model */,
				96D123A526E86BB8003F3572 /* ViewController */,
				96D123A426E86BB2003F3572 /* View */,
			);
			path = LaunchScreen;
			sourceTree = "<group>";
		};
		4A6613AF26DE47E9004A925D /* Resources */ = {
			isa = PBXGroup;
			children = (
				69349AB526E5EDD2008D9AF4 /* tutorial_mapping.xml */,
				69349AA826E5DB90008D9AF4 /* tutorial.mp4 */,
				4A66138226DDCF5D004A925D /* Assets.xcassets */,
			);
			path = Resources;
			sourceTree = "<group>";
		};
		4A6613B026DE47FB004A925D /* Application */ = {
			isa = PBXGroup;
			children = (
				4A66137926DDCF59004A925D /* AppDelegate.swift */,
				4A66138726DDCF5D004A925D /* Info.plist */,
			);
			path = Application;
			sourceTree = "<group>";
		};
		4AD58E6426DF811A0004FC38 /* Base */ = {
			isa = PBXGroup;
			children = (
				4A66137D26DDCF59004A925D /* BaseViewController.swift */,
			);
			path = Base;
			sourceTree = "<group>";
		};
		4AD58E9726DF9B5C0004FC38 /* HomePage */ = {
			isa = PBXGroup;
			children = (
				69349AB026E5ED74008D9AF4 /* HomePageModel */,
				692CCEB826E1EA80006E826B /* HomePageViewModel */,
				4AD58E9526DF9B520004FC38 /* HomeViewController.swift */,
				4AEF500D26DF9E9A0052B6EB /* Main.storyboard */,
				69349AA426E5C18F008D9AF4 /* TutorialViewController.swift */,
			);
			path = HomePage;
			sourceTree = "<group>";
		};
		4AEF500F26DF9FCD0052B6EB /* Extensions */ = {
			isa = PBXGroup;
			children = (
				4AEF501426DFA0C40052B6EB /* UIExtensions */,
				4AF2608D26E07811009C616E /* DataExtensions */,
			);
			path = Extensions;
			sourceTree = "<group>";
		};
		4AEF501426DFA0C40052B6EB /* UIExtensions */ = {
			isa = PBXGroup;
			children = (
				692CCEB426E1E9F9006E826B /* ExtensionUIViewController.swift */,
				4AEF501026DFA0080052B6EB /* ExtensionUIColor.swift */,
				4AEF501226DFA0670052B6EB /* ExtensionAttibutedString.swift */,
				89BC6EC426E22E270072BB0A /* ExtensionUINavigationController.swift */,
				69349ABB26E60710008D9AF4 /* ExtensionUILabel.swift */,
			);
			path = UIExtensions;
			sourceTree = "<group>";
		};
		4AF2608126E0726D009C616E /* CameraPage */ = {
			isa = PBXGroup;
			children = (
				96D123A226E86AFF003F3572 /* Model */,
				96D123A126E86AF2003F3572 /* ViewModel */,
				89A7B65726E5CBF200087537 /* ViewController */,
				89A7B65626E5CBE800087537 /* View */,
			);
			path = CameraPage;
			sourceTree = "<group>";
		};
		4AF2608A26E073CD009C616E /* Settings */ = {
			isa = PBXGroup;
			children = (
				96D123A326E86B29003F3572 /* ViewModel */,
				89BC6EC326E21F1D0072BB0A /* View */,
				89BC6EC226E21EEB0072BB0A /* ViewController */,
				89BC6EC126E21EE30072BB0A /* Model */,
			);
			path = Settings;
			sourceTree = "<group>";
		};
		4AF2608D26E07811009C616E /* DataExtensions */ = {
			isa = PBXGroup;
			children = (
				4AF2608B26E07801009C616E /* ExtensionString.swift */,
			);
			path = DataExtensions;
			sourceTree = "<group>";
		};
		5007495626E7A0CB002FBBE2 /* Model */ = {
			isa = PBXGroup;
			children = (
				5007495726E7A0E2002FBBE2 /* LanguageItem.swift */,
			);
			path = Model;
			sourceTree = "<group>";
		};
		5028D54B26E29D18002A5250 /* LanguageSelectVoiceTranslation */ = {
			isa = PBXGroup;
			children = (
				5007495626E7A0CB002FBBE2 /* Model */,
				50C005C926E77FAC00C58957 /* ViewModel */,
				50C005C826E77F8700C58957 /* Resources */,
				5028D55326E29E65002A5250 /* ViewController */,
				5028D55026E29D62002A5250 /* View */,
			);
			path = LanguageSelectVoiceTranslation;
			sourceTree = "<group>";
		};
		5028D55026E29D62002A5250 /* View */ = {
			isa = PBXGroup;
			children = (
				5028D55A26E2A0D0002A5250 /* LanguageSelectVoice.storyboard */,
				5028D54C26E29D57002A5250 /* LangListCell.swift */,
				5028D54D26E29D57002A5250 /* LangListCell.xib */,
			);
			path = View;
			sourceTree = "<group>";
		};
		5028D55326E29E65002A5250 /* ViewController */ = {
			isa = PBXGroup;
			children = (
				5028D55826E29FE5002A5250 /* TabsPageViewController.swift */,
				5028D55626E29FB7002A5250 /* LanguageListVC.swift */,
				5028D55426E29EB0002A5250 /* LangSelectVoiceVC.swift */,
				5028D55126E29E59002A5250 /* HistoryListVC.swift */,
			);
			path = ViewController;
			sourceTree = "<group>";
		};
		50C005C826E77F8700C58957 /* Resources */ = {
			isa = PBXGroup;
			children = (
				506B93C226E74E530085BDDF /* default_languages.xml */,
				5064D19826E2A9A3006E6197 /* conversation_languages_en_cn.xml */,
				5064D19926E2A9A4006E6197 /* conversation_languages_en.xml */,
				5064D19426E2A93D006E6197 /* conversation_languages_ja_cn.xml */,
				5064D19526E2A93D006E6197 /* conversation_languages_ja.xml */,
			);
			path = Resources;
			sourceTree = "<group>";
		};
		50C005C926E77FAC00C58957 /* ViewModel */ = {
			isa = PBXGroup;
			children = (
				50C8870F26E666F500A6D10E /* LanguageSelectionManager.swift */,
			);
			path = ViewModel;
			sourceTree = "<group>";
		};
		50C005CA26E7837F00C58957 /* ViewController */ = {
			isa = PBXGroup;
			children = (
				8782DEEE26E09468003A1681 /* SystemLanguageViewController.swift */,
			);
			path = ViewController;
			sourceTree = "<group>";
		};
		692CCEB826E1EA80006E826B /* HomePageViewModel */ = {
			isa = PBXGroup;
			children = (
				692CCEB926E1EAC0006E826B /* HomeViewModel.swift */,
				69349AAC26E5EC67008D9AF4 /* TutorialViewModel.swift */,
			);
			path = HomePageViewModel;
			sourceTree = "<group>";
		};
		69349AB026E5ED74008D9AF4 /* HomePageModel */ = {
			isa = PBXGroup;
			children = (
				69349AB126E5EDA0008D9AF4 /* TutorialModel.swift */,
			);
			path = HomePageModel;
			sourceTree = "<group>";
		};
		8782DECF26E08BEE003A1681 /* Localization */ = {
			isa = PBXGroup;
			children = (
				8782DED626E08C5B003A1681 /* Localizable */,
				8726EB8B26E0D424002FEAE2 /* LanguageManager.swift */,
			);
			path = Localization;
			sourceTree = "<group>";
		};
		8782DED626E08C5B003A1681 /* Localizable */ = {
			isa = PBXGroup;
			children = (
				8782DEDF26E08D10003A1681 /* Localizable.strings */,
			);
			path = Localizable;
			sourceTree = "<group>";
		};
		8782DEEB26E092DA003A1681 /* SystemLanguage */ = {
			isa = PBXGroup;
			children = (
				96D123A826E880F9003F3572 /* Resources */,
				96D123A026E86AB0003F3572 /* ViewModel */,
				96D1239F26E86AA2003F3572 /* View */,
				50C005CA26E7837F00C58957 /* ViewController */,
				8782DF1F26E0B6B9003A1681 /* Model */,
			);
			path = SystemLanguage;
			sourceTree = "<group>";
		};
		8782DEF426E098B3003A1681 /* Cell */ = {
			isa = PBXGroup;
			children = (
				8782DEF626E098DE003A1681 /* SystemLanguageCell.xib */,
				8782DEF526E098DE003A1681 /* SystemLanguageCell.swift */,
			);
			path = Cell;
			sourceTree = "<group>";
		};
		8782DEFD26E099A7003A1681 /* Reusable */ = {
			isa = PBXGroup;
			children = (
				8782DEFF26E099BF003A1681 /* NibLoadable.swift */,
				8782DEFE26E099BF003A1681 /* NibOwnerLoadable.swift */,
				8782DF0126E099BF003A1681 /* Reusable.swift */,
				8782DF0226E099BF003A1681 /* UICollectionView+Reusable.swift */,
				8782DF0026E099BF003A1681 /* UITableView+Reusable.swift */,
			);
			path = Reusable;
			sourceTree = "<group>";
		};
		8782DF1826E0AF5C003A1681 /* NavigationController */ = {
			isa = PBXGroup;
			children = (
				96D1239E26E86A6C003F3572 /* ViewModel */,
				96D1239D26E86A61003F3572 /* ViewController */,
				96D1239C26E86A5A003F3572 /* View */,
				96D1239B26E86A32003F3572 /* Model */,
			);
			path = NavigationController;
			sourceTree = "<group>";
		};
		8782DF1F26E0B6B9003A1681 /* Model */ = {
			isa = PBXGroup;
			children = (
				8782DF2026E0B6CE003A1681 /* SystemLanguages.swift */,
			);
			path = Model;
			sourceTree = "<group>";
		};
		8920066E26E72F08005A23F0 /* ViewController */ = {
			isa = PBXGroup;
			children = (
				4AF2609226E08CC1009C616E /* MenuViewController.swift */,
			);
			path = ViewController;
			sourceTree = "<group>";
		};
		8935A12526E5D9E800AC3CA1 /* CropViewController */ = {
			isa = PBXGroup;
			children = (
				8935A12626E5D9FB00AC3CA1 /* CropViewController.h */,
				8935A12726E5D9FB00AC3CA1 /* CropViewController.swift */,
			);
			path = CropViewController;
			sourceTree = "<group>";
		};
		89A7B65626E5CBE800087537 /* View */ = {
			isa = PBXGroup;
			children = (
				89A7B65826E5CC0200087537 /* CustomView */,
				4AF2608426E072D1009C616E /* Camera.storyboard */,
			);
			path = View;
			sourceTree = "<group>";
		};
		89A7B65726E5CBF200087537 /* ViewController */ = {
			isa = PBXGroup;
			children = (
				8935A12526E5D9E800AC3CA1 /* CropViewController */,
				8935A16726E61F8300AC3CA1 /* CameraViewController.swift */,
				8935A12926E5E0B800AC3CA1 /* CaptureImageProcessVC.swift */,
			);
			path = ViewController;
			sourceTree = "<group>";
		};
		89A7B65826E5CC0200087537 /* CustomView */ = {
			isa = PBXGroup;
			children = (
				89A7B65926E5CC2000087537 /* CustomShapeButton.swift */,
			);
			path = CustomView;
			sourceTree = "<group>";
		};
		89BC6EC126E21EE30072BB0A /* Model */ = {
			isa = PBXGroup;
			children = (
				892EB97E26E6201600E44E7E /* SettingItems.swift */,
			);
			path = Model;
			sourceTree = "<group>";
		};
		89BC6EC226E21EEB0072BB0A /* ViewController */ = {
			isa = PBXGroup;
			children = (
				4AF2608826E073C4009C616E /* SettingsViewController.swift */,
			);
			path = ViewController;
			sourceTree = "<group>";
		};
		89BC6EC326E21F1D0072BB0A /* View */ = {
			isa = PBXGroup;
			children = (
				4AF2608626E073B3009C616E /* Settings.storyboard */,
				898EC6EA26E0B16F00D8CAE5 /* SettingsTableViewCell.swift */,
				898EC6EB26E0B16F00D8CAE5 /* SettingsTableViewCell.xib */,
			);
			path = View;
			sourceTree = "<group>";
		};
		960835B726E7552A006DB9F9 /* Pronunciation */ = {
			isa = PBXGroup;
			children = (
				96D1239A26E86A1A003F3572 /* ViewModel */,
				96D1239926E86A12003F3572 /* Model */,
				96D1239726E869F9003F3572 /* View */,
				96D1239826E86A01003F3572 /* ViewController */,
			);
			path = Pronunciation;
			sourceTree = "<group>";
		};
		96D1239726E869F9003F3572 /* View */ = {
			isa = PBXGroup;
			children = (
			);
			path = View;
			sourceTree = "<group>";
		};
		96D1239826E86A01003F3572 /* ViewController */ = {
			isa = PBXGroup;
			children = (
			);
			path = ViewController;
			sourceTree = "<group>";
		};
		96D1239926E86A12003F3572 /* Model */ = {
			isa = PBXGroup;
			children = (
				960835B826E75549006DB9F9 /* PronunciationUtils.swift */,
			);
			path = Model;
			sourceTree = "<group>";
		};
		96D1239A26E86A1A003F3572 /* ViewModel */ = {
			isa = PBXGroup;
			children = (
			);
			path = ViewModel;
			sourceTree = "<group>";
		};
		96D1239B26E86A32003F3572 /* Model */ = {
			isa = PBXGroup;
			children = (
			);
			path = Model;
			sourceTree = "<group>";
		};
		96D1239C26E86A5A003F3572 /* View */ = {
			isa = PBXGroup;
			children = (
			);
			path = View;
			sourceTree = "<group>";
		};
		96D1239D26E86A61003F3572 /* ViewController */ = {
			isa = PBXGroup;
			children = (
				8782DF1926E0AFA6003A1681 /* NavigationViewController.swift */,
			);
			path = ViewController;
			sourceTree = "<group>";
		};
		96D1239E26E86A6C003F3572 /* ViewModel */ = {
			isa = PBXGroup;
			children = (
			);
			path = ViewModel;
			sourceTree = "<group>";
		};
		96D1239F26E86AA2003F3572 /* View */ = {
			isa = PBXGroup;
			children = (
				8782DEF426E098B3003A1681 /* Cell */,
			);
			path = View;
			sourceTree = "<group>";
		};
		96D123A026E86AB0003F3572 /* ViewModel */ = {
			isa = PBXGroup;
			children = (
			);
			path = ViewModel;
			sourceTree = "<group>";
		};
		96D123A126E86AF2003F3572 /* ViewModel */ = {
			isa = PBXGroup;
			children = (
			);
			path = ViewModel;
			sourceTree = "<group>";
		};
		96D123A226E86AFF003F3572 /* Model */ = {
			isa = PBXGroup;
			children = (
			);
			path = Model;
			sourceTree = "<group>";
		};
		96D123A326E86B29003F3572 /* ViewModel */ = {
			isa = PBXGroup;
			children = (
			);
			path = ViewModel;
			sourceTree = "<group>";
		};
		96D123A426E86BB2003F3572 /* View */ = {
			isa = PBXGroup;
			children = (
				4A66138426DDCF5D004A925D /* LaunchScreen.storyboard */,
			);
			path = View;
			sourceTree = "<group>";
		};
		96D123A526E86BB8003F3572 /* ViewController */ = {
			isa = PBXGroup;
			children = (
			);
			path = ViewController;
			sourceTree = "<group>";
		};
		96D123A626E86BC2003F3572 /* Model */ = {
			isa = PBXGroup;
			children = (
			);
			path = Model;
			sourceTree = "<group>";
		};
		96D123A726E86BC9003F3572 /* ViewModel */ = {
			isa = PBXGroup;
			children = (
			);
			path = ViewModel;
			sourceTree = "<group>";
		};
		96D123A826E880F9003F3572 /* Resources */ = {
			isa = PBXGroup;
			children = (
				872AA4E526E0EEEA003BE874 /* system_languages.xml */,
			);
			path = Resources;
			sourceTree = "<group>";
		};
		D4E4E4F32DD69FED2E7E027B /* Pods */ = {
			isa = PBXGroup;
			children = (
				1C3982CA7F9FA3619840FBBD /* Pods-PockeTalk.debug.xcconfig */,
				99F88F596F3BEA32B6677391 /* Pods-PockeTalk.release.xcconfig */,
				FBBE50FE0922DF903C71A75A /* Pods-PockeTalkTests.debug.xcconfig */,
				9E7781900B72C6B1A8CAB58C /* Pods-PockeTalkTests.release.xcconfig */,
			);
			path = Pods;
			sourceTree = "<group>";
		};
/* End PBXGroup section */

/* Begin PBXNativeTarget section */
		4A66137526DDCF59004A925D /* PockeTalk */ = {
			isa = PBXNativeTarget;
			buildConfigurationList = 4A66139526DDCF5E004A925D /* Build configuration list for PBXNativeTarget "PockeTalk" */;
			buildPhases = (
				9BB7920EC66862277B263086 /* [CP] Check Pods Manifest.lock */,
				4A66137226DDCF59004A925D /* Sources */,
				4A66137326DDCF59004A925D /* Frameworks */,
				4A66137426DDCF59004A925D /* Resources */,
				00143D1F92986E3E2201C3E9 /* [CP] Embed Pods Frameworks */,
			);
			buildRules = (
			);
			dependencies = (
			);
			name = PockeTalk;
			productName = PockeTalk;
			productReference = 4A66137626DDCF59004A925D /* PockeTalk.app */;
			productType = "com.apple.product-type.application";
		};
		4A66138B26DDCF5E004A925D /* PockeTalkTests */ = {
			isa = PBXNativeTarget;
			buildConfigurationList = 4A66139826DDCF5E004A925D /* Build configuration list for PBXNativeTarget "PockeTalkTests" */;
			buildPhases = (
				4BD70EB30AF248FF2FF4F047 /* [CP] Check Pods Manifest.lock */,
				4A66138826DDCF5E004A925D /* Sources */,
				4A66138926DDCF5E004A925D /* Frameworks */,
				4A66138A26DDCF5E004A925D /* Resources */,
			);
			buildRules = (
			);
			dependencies = (
				4A66138E26DDCF5E004A925D /* PBXTargetDependency */,
			);
			name = PockeTalkTests;
			productName = PockeTalkTests;
			productReference = 4A66138C26DDCF5E004A925D /* PockeTalkTests.xctest */;
			productType = "com.apple.product-type.bundle.unit-test";
		};
/* End PBXNativeTarget section */

/* Begin PBXProject section */
		4A66136E26DDCF59004A925D /* Project object */ = {
			isa = PBXProject;
			attributes = {
				LastSwiftUpdateCheck = 1100;
				LastUpgradeCheck = 1100;
				ORGANIZATIONNAME = "Piklu Majumder-401";
				TargetAttributes = {
					4A66137526DDCF59004A925D = {
						CreatedOnToolsVersion = 11.0;
						LastSwiftMigration = 1250;
					};
					4A66138B26DDCF5E004A925D = {
						CreatedOnToolsVersion = 11.0;
						TestTargetID = 4A66137526DDCF59004A925D;
					};
				};
			};
			buildConfigurationList = 4A66137126DDCF59004A925D /* Build configuration list for PBXProject "PockeTalk" */;
			compatibilityVersion = "Xcode 9.3";
			developmentRegion = en;
			hasScannedForEncodings = 0;
			knownRegions = (
				en,
				Base,
				ja,
			);
			mainGroup = 4A66136D26DDCF59004A925D;
			productRefGroup = 4A66137726DDCF59004A925D /* Products */;
			projectDirPath = "";
			projectRoot = "";
			targets = (
				4A66137526DDCF59004A925D /* PockeTalk */,
				4A66138B26DDCF5E004A925D /* PockeTalkTests */,
			);
		};
/* End PBXProject section */

/* Begin PBXResourcesBuildPhase section */
		4A66137426DDCF59004A925D /* Resources */ = {
			isa = PBXResourcesBuildPhase;
			buildActionMask = 2147483647;
			files = (
				69349AA926E5DBB6008D9AF4 /* tutorial.mp4 in Resources */,
				898EC6ED26E0B16F00D8CAE5 /* SettingsTableViewCell.xib in Resources */,
				4A66138626DDCF5D004A925D /* LaunchScreen.storyboard in Resources */,
				506B93C326E74E530085BDDF /* default_languages.xml in Resources */,
				8782DEF826E098DE003A1681 /* SystemLanguageCell.xib in Resources */,
				5064D19726E2A93E006E6197 /* conversation_languages_ja.xml in Resources */,
				5028D54F26E29D57002A5250 /* LangListCell.xib in Resources */,
				8782DEDD26E08D10003A1681 /* Localizable.strings in Resources */,
				4AF2609126E08BA1009C616E /* Menu.storyboard in Resources */,
				4AF2608526E072D1009C616E /* Camera.storyboard in Resources */,
				4AEF500E26DF9E9A0052B6EB /* Main.storyboard in Resources */,
				5064D19626E2A93E006E6197 /* conversation_languages_ja_cn.xml in Resources */,
				5028D55B26E2A0D0002A5250 /* LanguageSelectVoice.storyboard in Resources */,
				4A66138326DDCF5D004A925D /* Assets.xcassets in Resources */,
				872AA4E626E0EEEA003BE874 /* system_languages.xml in Resources */,
				69349AB626E5EDD2008D9AF4 /* tutorial_mapping.xml in Resources */,
				4AF2608726E073B3009C616E /* Settings.storyboard in Resources */,
				5064D19A26E2A9A4006E6197 /* conversation_languages_en_cn.xml in Resources */,
				5064D19B26E2A9A4006E6197 /* conversation_languages_en.xml in Resources */,
			);
			runOnlyForDeploymentPostprocessing = 0;
		};
		4A66138A26DDCF5E004A925D /* Resources */ = {
			isa = PBXResourcesBuildPhase;
			buildActionMask = 2147483647;
			files = (
			);
			runOnlyForDeploymentPostprocessing = 0;
		};
/* End PBXResourcesBuildPhase section */

/* Begin PBXShellScriptBuildPhase section */
		00143D1F92986E3E2201C3E9 /* [CP] Embed Pods Frameworks */ = {
			isa = PBXShellScriptBuildPhase;
			buildActionMask = 2147483647;
			files = (
			);
			inputFileListPaths = (
				"${PODS_ROOT}/Target Support Files/Pods-PockeTalk/Pods-PockeTalk-frameworks-${CONFIGURATION}-input-files.xcfilelist",
			);
			name = "[CP] Embed Pods Frameworks";
			outputFileListPaths = (
				"${PODS_ROOT}/Target Support Files/Pods-PockeTalk/Pods-PockeTalk-frameworks-${CONFIGURATION}-output-files.xcfilelist",
			);
			runOnlyForDeploymentPostprocessing = 0;
			shellPath = /bin/sh;
			shellScript = "\"${PODS_ROOT}/Target Support Files/Pods-PockeTalk/Pods-PockeTalk-frameworks.sh\"\n";
			showEnvVarsInLog = 0;
		};
		4BD70EB30AF248FF2FF4F047 /* [CP] Check Pods Manifest.lock */ = {
			isa = PBXShellScriptBuildPhase;
			buildActionMask = 2147483647;
			files = (
			);
			inputFileListPaths = (
			);
			inputPaths = (
				"${PODS_PODFILE_DIR_PATH}/Podfile.lock",
				"${PODS_ROOT}/Manifest.lock",
			);
			name = "[CP] Check Pods Manifest.lock";
			outputFileListPaths = (
			);
			outputPaths = (
				"$(DERIVED_FILE_DIR)/Pods-PockeTalkTests-checkManifestLockResult.txt",
			);
			runOnlyForDeploymentPostprocessing = 0;
			shellPath = /bin/sh;
			shellScript = "diff \"${PODS_PODFILE_DIR_PATH}/Podfile.lock\" \"${PODS_ROOT}/Manifest.lock\" > /dev/null\nif [ $? != 0 ] ; then\n    # print error to STDERR\n    echo \"error: The sandbox is not in sync with the Podfile.lock. Run 'pod install' or update your CocoaPods installation.\" >&2\n    exit 1\nfi\n# This output is used by Xcode 'outputs' to avoid re-running this script phase.\necho \"SUCCESS\" > \"${SCRIPT_OUTPUT_FILE_0}\"\n";
			showEnvVarsInLog = 0;
		};
		9BB7920EC66862277B263086 /* [CP] Check Pods Manifest.lock */ = {
			isa = PBXShellScriptBuildPhase;
			buildActionMask = 2147483647;
			files = (
			);
			inputFileListPaths = (
			);
			inputPaths = (
				"${PODS_PODFILE_DIR_PATH}/Podfile.lock",
				"${PODS_ROOT}/Manifest.lock",
			);
			name = "[CP] Check Pods Manifest.lock";
			outputFileListPaths = (
			);
			outputPaths = (
				"$(DERIVED_FILE_DIR)/Pods-PockeTalk-checkManifestLockResult.txt",
			);
			runOnlyForDeploymentPostprocessing = 0;
			shellPath = /bin/sh;
			shellScript = "diff \"${PODS_PODFILE_DIR_PATH}/Podfile.lock\" \"${PODS_ROOT}/Manifest.lock\" > /dev/null\nif [ $? != 0 ] ; then\n    # print error to STDERR\n    echo \"error: The sandbox is not in sync with the Podfile.lock. Run 'pod install' or update your CocoaPods installation.\" >&2\n    exit 1\nfi\n# This output is used by Xcode 'outputs' to avoid re-running this script phase.\necho \"SUCCESS\" > \"${SCRIPT_OUTPUT_FILE_0}\"\n";
			showEnvVarsInLog = 0;
		};
/* End PBXShellScriptBuildPhase section */

/* Begin PBXSourcesBuildPhase section */
		4A66137226DDCF59004A925D /* Sources */ = {
			isa = PBXSourcesBuildPhase;
			buildActionMask = 2147483647;
			files = (
				4A66137E26DDCF59004A925D /* BaseViewController.swift in Sources */,
				8782DF0726E099BF003A1681 /* UICollectionView+Reusable.swift in Sources */,
				692CCEB526E1E9F9006E826B /* ExtensionUIViewController.swift in Sources */,
				89BC6EC526E22E270072BB0A /* ExtensionUINavigationController.swift in Sources */,
				5028D55526E29EB1002A5250 /* LangSelectVoiceVC.swift in Sources */,
				960835B926E75549006DB9F9 /* PronunciationUtils.swift in Sources */,
				8782DF0426E099BF003A1681 /* NibLoadable.swift in Sources */,
				4AF2609326E08CC1009C616E /* MenuViewController.swift in Sources */,
				5028D55226E29E59002A5250 /* HistoryListVC.swift in Sources */,
				8935A12826E5D9FB00AC3CA1 /* CropViewController.swift in Sources */,
				5007D5C626E71B71005B7C51 /* NotificationNames.swift in Sources */,
				8782DF0526E099BF003A1681 /* UITableView+Reusable.swift in Sources */,
				4AF2608926E073C4009C616E /* SettingsViewController.swift in Sources */,
				4A66137A26DDCF59004A925D /* AppDelegate.swift in Sources */,
				4AF2609B26E0B516009C616E /* MenuViewModel.swift in Sources */,
				4AD58E5B26DF6EBF0004FC38 /* Constants.swift in Sources */,
				5028D55726E29FB7002A5250 /* LanguageListVC.swift in Sources */,
				89A7B65A26E5CC2000087537 /* CustomShapeButton.swift in Sources */,
				8935A12A26E5E0B800AC3CA1 /* CaptureImageProcessVC.swift in Sources */,
				898EC6EC26E0B16F00D8CAE5 /* SettingsTableViewCell.swift in Sources */,
				4AEF501126DFA0080052B6EB /* ExtensionUIColor.swift in Sources */,
				8726EB8C26E0D424002FEAE2 /* LanguageManager.swift in Sources */,
				4AF2609526E0A39A009C616E /* MenuCollectionViewCell.swift in Sources */,
				892EB97F26E6201600E44E7E /* SettingItems.swift in Sources */,
				4AEF501326DFA0670052B6EB /* ExtensionAttibutedString.swift in Sources */,
				4AD58E9426DF8C1D0004FC38 /* UserDefaultsUtility.swift in Sources */,
				69349AAD26E5EC67008D9AF4 /* TutorialViewModel.swift in Sources */,
				8782DF1A26E0AFA6003A1681 /* NavigationViewController.swift in Sources */,
				50C8871026E666F500A6D10E /* LanguageSelectionManager.swift in Sources */,
				8782DF0326E099BF003A1681 /* NibOwnerLoadable.swift in Sources */,
				4AF2608C26E07801009C616E /* ExtensionString.swift in Sources */,
				69349AB226E5EDA0008D9AF4 /* TutorialModel.swift in Sources */,
				4AF2609926E0AC74009C616E /* MenuModel.swift in Sources */,
				4AD58E6326DF7DB60004FC38 /* Reachability.swift in Sources */,
				8782DEEF26E09468003A1681 /* SystemLanguageViewController.swift in Sources */,
				69349ABC26E60710008D9AF4 /* ExtensionUILabel.swift in Sources */,
				8782DEF726E098DE003A1681 /* SystemLanguageCell.swift in Sources */,
				5007495826E7A0E2002FBBE2 /* LanguageItem.swift in Sources */,
				692CCEBA26E1EAC0006E826B /* HomeViewModel.swift in Sources */,
				8782DF0626E099BF003A1681 /* Reusable.swift in Sources */,
				69349AA526E5C18F008D9AF4 /* TutorialViewController.swift in Sources */,
				4AD58E9626DF9B520004FC38 /* HomeViewController.swift in Sources */,
				8782DF2126E0B6CE003A1681 /* SystemLanguages.swift in Sources */,
				5028D55926E29FE5002A5250 /* TabsPageViewController.swift in Sources */,
				8935A16826E61F8300AC3CA1 /* CameraViewController.swift in Sources */,
				4AD58E5F26DF791E0004FC38 /* GlobalMethod.swift in Sources */,
				5028D54E26E29D57002A5250 /* LangListCell.swift in Sources */,
			);
			runOnlyForDeploymentPostprocessing = 0;
		};
		4A66138826DDCF5E004A925D /* Sources */ = {
			isa = PBXSourcesBuildPhase;
			buildActionMask = 2147483647;
			files = (
				4A66139126DDCF5E004A925D /* PockeTalkTests.swift in Sources */,
			);
			runOnlyForDeploymentPostprocessing = 0;
		};
/* End PBXSourcesBuildPhase section */

/* Begin PBXTargetDependency section */
		4A66138E26DDCF5E004A925D /* PBXTargetDependency */ = {
			isa = PBXTargetDependency;
			target = 4A66137526DDCF59004A925D /* PockeTalk */;
			targetProxy = 4A66138D26DDCF5E004A925D /* PBXContainerItemProxy */;
		};
/* End PBXTargetDependency section */

/* Begin PBXVariantGroup section */
		4A66138426DDCF5D004A925D /* LaunchScreen.storyboard */ = {
			isa = PBXVariantGroup;
			children = (
				4A66138526DDCF5D004A925D /* Base */,
			);
			name = LaunchScreen.storyboard;
			sourceTree = "<group>";
		};
		8782DEDF26E08D10003A1681 /* Localizable.strings */ = {
			isa = PBXVariantGroup;
			children = (
				8782DEDE26E08D10003A1681 /* en */,
				8782DEE826E08EC1003A1681 /* ja */,
			);
			name = Localizable.strings;
			sourceTree = "<group>";
		};
/* End PBXVariantGroup section */

/* Begin XCBuildConfiguration section */
		4A66139326DDCF5E004A925D /* Debug */ = {
			isa = XCBuildConfiguration;
			buildSettings = {
				ALWAYS_SEARCH_USER_PATHS = NO;
				CLANG_ANALYZER_LOCALIZABILITY_NONLOCALIZED = YES;
				CLANG_ANALYZER_NONNULL = YES;
				CLANG_ANALYZER_NUMBER_OBJECT_CONVERSION = YES_AGGRESSIVE;
				CLANG_CXX_LANGUAGE_STANDARD = "gnu++14";
				CLANG_CXX_LIBRARY = "libc++";
				CLANG_ENABLE_MODULES = YES;
				CLANG_ENABLE_OBJC_ARC = YES;
				CLANG_ENABLE_OBJC_WEAK = YES;
				CLANG_WARN_BLOCK_CAPTURE_AUTORELEASING = YES;
				CLANG_WARN_BOOL_CONVERSION = YES;
				CLANG_WARN_COMMA = YES;
				CLANG_WARN_CONSTANT_CONVERSION = YES;
				CLANG_WARN_DEPRECATED_OBJC_IMPLEMENTATIONS = YES;
				CLANG_WARN_DIRECT_OBJC_ISA_USAGE = YES_ERROR;
				CLANG_WARN_DOCUMENTATION_COMMENTS = YES;
				CLANG_WARN_EMPTY_BODY = YES;
				CLANG_WARN_ENUM_CONVERSION = YES;
				CLANG_WARN_INFINITE_RECURSION = YES;
				CLANG_WARN_INT_CONVERSION = YES;
				CLANG_WARN_NON_LITERAL_NULL_CONVERSION = YES;
				CLANG_WARN_OBJC_IMPLICIT_RETAIN_SELF = YES;
				CLANG_WARN_OBJC_LITERAL_CONVERSION = YES;
				CLANG_WARN_OBJC_ROOT_CLASS = YES_ERROR;
				CLANG_WARN_RANGE_LOOP_ANALYSIS = YES;
				CLANG_WARN_STRICT_PROTOTYPES = YES;
				CLANG_WARN_SUSPICIOUS_MOVE = YES;
				CLANG_WARN_UNGUARDED_AVAILABILITY = YES_AGGRESSIVE;
				CLANG_WARN_UNREACHABLE_CODE = YES;
				CLANG_WARN__DUPLICATE_METHOD_MATCH = YES;
				COPY_PHASE_STRIP = NO;
				DEBUG_INFORMATION_FORMAT = dwarf;
				ENABLE_STRICT_OBJC_MSGSEND = YES;
				ENABLE_TESTABILITY = YES;
				GCC_C_LANGUAGE_STANDARD = gnu11;
				GCC_DYNAMIC_NO_PIC = NO;
				GCC_NO_COMMON_BLOCKS = YES;
				GCC_OPTIMIZATION_LEVEL = 0;
				GCC_PREPROCESSOR_DEFINITIONS = (
					"DEBUG=1",
					"$(inherited)",
				);
				GCC_WARN_64_TO_32_BIT_CONVERSION = YES;
				GCC_WARN_ABOUT_RETURN_TYPE = YES_ERROR;
				GCC_WARN_UNDECLARED_SELECTOR = YES;
				GCC_WARN_UNINITIALIZED_AUTOS = YES_AGGRESSIVE;
				GCC_WARN_UNUSED_FUNCTION = YES;
				GCC_WARN_UNUSED_VARIABLE = YES;
				IPHONEOS_DEPLOYMENT_TARGET = 11.0;
				MTL_ENABLE_DEBUG_INFO = INCLUDE_SOURCE;
				MTL_FAST_MATH = YES;
				ONLY_ACTIVE_ARCH = YES;
				SDKROOT = iphoneos;
				SWIFT_ACTIVE_COMPILATION_CONDITIONS = DEBUG;
				SWIFT_OPTIMIZATION_LEVEL = "-Onone";
			};
			name = Debug;
		};
		4A66139426DDCF5E004A925D /* Release */ = {
			isa = XCBuildConfiguration;
			buildSettings = {
				ALWAYS_SEARCH_USER_PATHS = NO;
				CLANG_ANALYZER_LOCALIZABILITY_NONLOCALIZED = YES;
				CLANG_ANALYZER_NONNULL = YES;
				CLANG_ANALYZER_NUMBER_OBJECT_CONVERSION = YES_AGGRESSIVE;
				CLANG_CXX_LANGUAGE_STANDARD = "gnu++14";
				CLANG_CXX_LIBRARY = "libc++";
				CLANG_ENABLE_MODULES = YES;
				CLANG_ENABLE_OBJC_ARC = YES;
				CLANG_ENABLE_OBJC_WEAK = YES;
				CLANG_WARN_BLOCK_CAPTURE_AUTORELEASING = YES;
				CLANG_WARN_BOOL_CONVERSION = YES;
				CLANG_WARN_COMMA = YES;
				CLANG_WARN_CONSTANT_CONVERSION = YES;
				CLANG_WARN_DEPRECATED_OBJC_IMPLEMENTATIONS = YES;
				CLANG_WARN_DIRECT_OBJC_ISA_USAGE = YES_ERROR;
				CLANG_WARN_DOCUMENTATION_COMMENTS = YES;
				CLANG_WARN_EMPTY_BODY = YES;
				CLANG_WARN_ENUM_CONVERSION = YES;
				CLANG_WARN_INFINITE_RECURSION = YES;
				CLANG_WARN_INT_CONVERSION = YES;
				CLANG_WARN_NON_LITERAL_NULL_CONVERSION = YES;
				CLANG_WARN_OBJC_IMPLICIT_RETAIN_SELF = YES;
				CLANG_WARN_OBJC_LITERAL_CONVERSION = YES;
				CLANG_WARN_OBJC_ROOT_CLASS = YES_ERROR;
				CLANG_WARN_RANGE_LOOP_ANALYSIS = YES;
				CLANG_WARN_STRICT_PROTOTYPES = YES;
				CLANG_WARN_SUSPICIOUS_MOVE = YES;
				CLANG_WARN_UNGUARDED_AVAILABILITY = YES_AGGRESSIVE;
				CLANG_WARN_UNREACHABLE_CODE = YES;
				CLANG_WARN__DUPLICATE_METHOD_MATCH = YES;
				COPY_PHASE_STRIP = NO;
				DEBUG_INFORMATION_FORMAT = "dwarf-with-dsym";
				ENABLE_NS_ASSERTIONS = NO;
				ENABLE_STRICT_OBJC_MSGSEND = YES;
				GCC_C_LANGUAGE_STANDARD = gnu11;
				GCC_NO_COMMON_BLOCKS = YES;
				GCC_WARN_64_TO_32_BIT_CONVERSION = YES;
				GCC_WARN_ABOUT_RETURN_TYPE = YES_ERROR;
				GCC_WARN_UNDECLARED_SELECTOR = YES;
				GCC_WARN_UNINITIALIZED_AUTOS = YES_AGGRESSIVE;
				GCC_WARN_UNUSED_FUNCTION = YES;
				GCC_WARN_UNUSED_VARIABLE = YES;
				IPHONEOS_DEPLOYMENT_TARGET = 11.0;
				MTL_ENABLE_DEBUG_INFO = NO;
				MTL_FAST_MATH = YES;
				SDKROOT = iphoneos;
				SWIFT_COMPILATION_MODE = wholemodule;
				SWIFT_OPTIMIZATION_LEVEL = "-O";
				VALIDATE_PRODUCT = YES;
			};
			name = Release;
		};
		4A66139626DDCF5E004A925D /* Debug */ = {
			isa = XCBuildConfiguration;
			baseConfigurationReference = 1C3982CA7F9FA3619840FBBD /* Pods-PockeTalk.debug.xcconfig */;
			buildSettings = {
				ASSETCATALOG_COMPILER_APPICON_NAME = AppIcon;
				CLANG_ENABLE_MODULES = YES;
				CODE_SIGN_IDENTITY = "Apple Development";
				CODE_SIGN_STYLE = Manual;
				DEVELOPMENT_TEAM = "";
				INFOPLIST_FILE = PockeTalk/Application/Info.plist;
				IPHONEOS_DEPLOYMENT_TARGET = 12.1;
				LD_RUNPATH_SEARCH_PATHS = (
					"$(inherited)",
					"@executable_path/Frameworks",
				);
				PRODUCT_BUNDLE_IDENTIFIER = com.sourcenext.pocketalk.smartphone.ios;
				PRODUCT_NAME = "$(TARGET_NAME)";
				PROVISIONING_PROFILE_SPECIFIER = "";
				SWIFT_OBJC_BRIDGING_HEADER = "PockeTalk/PockeTalk-Bridging-Header.h";
				SWIFT_OPTIMIZATION_LEVEL = "-Onone";
				SWIFT_VERSION = 5.0;
				TARGETED_DEVICE_FAMILY = "1,2";
			};
			name = Debug;
		};
		4A66139726DDCF5E004A925D /* Release */ = {
			isa = XCBuildConfiguration;
			baseConfigurationReference = 99F88F596F3BEA32B6677391 /* Pods-PockeTalk.release.xcconfig */;
			buildSettings = {
				ASSETCATALOG_COMPILER_APPICON_NAME = AppIcon;
				CLANG_ENABLE_MODULES = YES;
				CODE_SIGN_IDENTITY = "Apple Development";
				CODE_SIGN_STYLE = Manual;
				DEVELOPMENT_TEAM = "";
				INFOPLIST_FILE = PockeTalk/Application/Info.plist;
				IPHONEOS_DEPLOYMENT_TARGET = 12.1;
				LD_RUNPATH_SEARCH_PATHS = (
					"$(inherited)",
					"@executable_path/Frameworks",
				);
				PRODUCT_BUNDLE_IDENTIFIER = com.sourcenext.pocketalk.smartphone.ios;
				PRODUCT_NAME = "$(TARGET_NAME)";
				PROVISIONING_PROFILE_SPECIFIER = "";
				SWIFT_OBJC_BRIDGING_HEADER = "PockeTalk/PockeTalk-Bridging-Header.h";
				SWIFT_VERSION = 5.0;
				TARGETED_DEVICE_FAMILY = "1,2";
			};
			name = Release;
		};
		4A66139926DDCF5E004A925D /* Debug */ = {
			isa = XCBuildConfiguration;
			baseConfigurationReference = FBBE50FE0922DF903C71A75A /* Pods-PockeTalkTests.debug.xcconfig */;
			buildSettings = {
				ALWAYS_EMBED_SWIFT_STANDARD_LIBRARIES = YES;
				BUNDLE_LOADER = "$(TEST_HOST)";
				CODE_SIGN_STYLE = Automatic;
				INFOPLIST_FILE = PockeTalkTests/Info.plist;
				IPHONEOS_DEPLOYMENT_TARGET = 13.0;
				LD_RUNPATH_SEARCH_PATHS = (
					"$(inherited)",
					"@executable_path/Frameworks",
					"@loader_path/Frameworks",
				);
				PRODUCT_BUNDLE_IDENTIFIER = com.sourcenext.pocketalk.smartphone.PockeTalkTests;
				PRODUCT_NAME = "$(TARGET_NAME)";
				SWIFT_VERSION = 5.0;
				TARGETED_DEVICE_FAMILY = "1,2";
				TEST_HOST = "$(BUILT_PRODUCTS_DIR)/PockeTalk.app/PockeTalk";
			};
			name = Debug;
		};
		4A66139A26DDCF5E004A925D /* Release */ = {
			isa = XCBuildConfiguration;
			baseConfigurationReference = 9E7781900B72C6B1A8CAB58C /* Pods-PockeTalkTests.release.xcconfig */;
			buildSettings = {
				ALWAYS_EMBED_SWIFT_STANDARD_LIBRARIES = YES;
				BUNDLE_LOADER = "$(TEST_HOST)";
				CODE_SIGN_STYLE = Automatic;
				INFOPLIST_FILE = PockeTalkTests/Info.plist;
				IPHONEOS_DEPLOYMENT_TARGET = 13.0;
				LD_RUNPATH_SEARCH_PATHS = (
					"$(inherited)",
					"@executable_path/Frameworks",
					"@loader_path/Frameworks",
				);
				PRODUCT_BUNDLE_IDENTIFIER = com.sourcenext.pocketalk.smartphone.PockeTalkTests;
				PRODUCT_NAME = "$(TARGET_NAME)";
				SWIFT_VERSION = 5.0;
				TARGETED_DEVICE_FAMILY = "1,2";
				TEST_HOST = "$(BUILT_PRODUCTS_DIR)/PockeTalk.app/PockeTalk";
			};
			name = Release;
		};
/* End XCBuildConfiguration section */

/* Begin XCConfigurationList section */
		4A66137126DDCF59004A925D /* Build configuration list for PBXProject "PockeTalk" */ = {
			isa = XCConfigurationList;
			buildConfigurations = (
				4A66139326DDCF5E004A925D /* Debug */,
				4A66139426DDCF5E004A925D /* Release */,
			);
			defaultConfigurationIsVisible = 0;
			defaultConfigurationName = Release;
		};
		4A66139526DDCF5E004A925D /* Build configuration list for PBXNativeTarget "PockeTalk" */ = {
			isa = XCConfigurationList;
			buildConfigurations = (
				4A66139626DDCF5E004A925D /* Debug */,
				4A66139726DDCF5E004A925D /* Release */,
			);
			defaultConfigurationIsVisible = 0;
			defaultConfigurationName = Release;
		};
		4A66139826DDCF5E004A925D /* Build configuration list for PBXNativeTarget "PockeTalkTests" */ = {
			isa = XCConfigurationList;
			buildConfigurations = (
				4A66139926DDCF5E004A925D /* Debug */,
				4A66139A26DDCF5E004A925D /* Release */,
			);
			defaultConfigurationIsVisible = 0;
			defaultConfigurationName = Release;
		};
/* End XCConfigurationList section */
	};
	rootObject = 4A66136E26DDCF59004A925D /* Project object */;
}
